
Microsoft Visual Studio Solution File, Format Version 12.00
# Visual Studio Version 17
VisualStudioVersion = 17.11.35312.102
MinimumVisualStudioVersion = 10.0.40219.1
Project("{FAE04EC0-301F-11D3-BF4B-00C04F79EFBC}") = "AUpchurchW5", "AUpchurchW5\AUpchurchW5.csproj", "{C8016E66-2CB6-4BE2-8C18-20E0ABFF4CF1}"
EndProject
Global
	GlobalSection(SolutionConfigurationPlatforms) = preSolution
		Debug|Any CPU = Debug|Any CPU
		Release|Any CPU = Release|Any CPU
	EndGlobalSection
	GlobalSection(ProjectConfigurationPlatforms) = postSolution
		{C8016E66-2CB6-4BE2-8C18-20E0ABFF4CF1}.Debug|Any CPU.ActiveCfg = Debug|Any CPU
		{C8016E66-2CB6-4BE2-8C18-20E0ABFF4CF1}.Debug|Any CPU.Build.0 = Debug|Any CPU
		{C8016E66-2CB6-4BE2-8C18-20E0ABFF4CF1}.Release|Any CPU.ActiveCfg = Release|Any CPU
		{C8016E66-2CB6-4BE2-8C18-20E0ABFF4CF1}.Release|Any CPU.Build.0 = Release|Any CPU
	EndGlobalSection
	GlobalSection(SolutionProperties) = preSolution
		HideSolutionNode = FALSE
	EndGlobalSection
	GlobalSection(ExtensibilityGlobals) = postSolution
		SolutionGuid = {6F5452B1-96CC-4126-932B-6AEC912CC661}
	EndGlobalSection
EndGlobal
