
Microsoft Visual Studio Solution File, Format Version 12.00
# Visual Studio Version 17
VisualStudioVersion = 17.11.35312.102
MinimumVisualStudioVersion = 10.0.40219.1
Project("{FAE04EC0-301F-11D3-BF4B-00C04F79EFBC}") = "AnthonyUpchurchM3B", "AnthonyUpchurchM3B\AnthonyUpchurchM3B.csproj", "{76C9EE0F-BB6F-4D9D-9E9C-8CED3E74C08E}"
EndProject
Global
	GlobalSection(SolutionConfigurationPlatforms) = preSolution
		Debug|Any CPU = Debug|Any CPU
		Release|Any CPU = Release|Any CPU
	EndGlobalSection
	GlobalSection(ProjectConfigurationPlatforms) = postSolution
		{76C9EE0F-BB6F-4D9D-9E9C-8CED3E74C08E}.Debug|Any CPU.ActiveCfg = Debug|Any CPU
		{76C9EE0F-BB6F-4D9D-9E9C-8CED3E74C08E}.Debug|Any CPU.Build.0 = Debug|Any CPU
		{76C9EE0F-BB6F-4D9D-9E9C-8CED3E74C08E}.Release|Any CPU.ActiveCfg = Release|Any CPU
		{76C9EE0F-BB6F-4D9D-9E9C-8CED3E74C08E}.Release|Any CPU.Build.0 = Release|Any CPU
	EndGlobalSection
	GlobalSection(SolutionProperties) = preSolution
		HideSolutionNode = FALSE
	EndGlobalSection
	GlobalSection(ExtensibilityGlobals) = postSolution
		SolutionGuid = {B0D71D0C-3E90-4085-8175-658A248AB59C}
	EndGlobalSection
EndGlobal
