
Microsoft Visual Studio Solution File, Format Version 12.00
# Visual Studio Version 17
VisualStudioVersion = 17.11.35312.102
MinimumVisualStudioVersion = 10.0.40219.1
Project("{FAE04EC0-301F-11D3-BF4B-00C04F79EFBC}") = "AnthonyUpchurch3PA", "AnthonyUpchurch3PA\AnthonyUpchurch3PA.csproj", "{4A82B27D-386D-4534-915D-D5CA8E273450}"
EndProject
Global
	GlobalSection(SolutionConfigurationPlatforms) = preSolution
		Debug|Any CPU = Debug|Any CPU
		Release|Any CPU = Release|Any CPU
	EndGlobalSection
	GlobalSection(ProjectConfigurationPlatforms) = postSolution
		{4A82B27D-386D-4534-915D-D5CA8E273450}.Debug|Any CPU.ActiveCfg = Debug|Any CPU
		{4A82B27D-386D-4534-915D-D5CA8E273450}.Debug|Any CPU.Build.0 = Debug|Any CPU
		{4A82B27D-386D-4534-915D-D5CA8E273450}.Release|Any CPU.ActiveCfg = Release|Any CPU
		{4A82B27D-386D-4534-915D-D5CA8E273450}.Release|Any CPU.Build.0 = Release|Any CPU
	EndGlobalSection
	GlobalSection(SolutionProperties) = preSolution
		HideSolutionNode = FALSE
	EndGlobalSection
	GlobalSection(ExtensibilityGlobals) = postSolution
		SolutionGuid = {DFC70220-C760-4D20-A4EB-D58D5EC29111}
	EndGlobalSection
EndGlobal
