
Microsoft Visual Studio Solution File, Format Version 12.00
# Visual Studio Version 17
VisualStudioVersion = 17.11.35312.102
MinimumVisualStudioVersion = 10.0.40219.1
Project("{FAE04EC0-301F-11D3-BF4B-00C04F79EFBC}") = "AnthonyUpchurch5CB", "AnthonyUpchurch5CB\AnthonyUpchurch5CB.csproj", "{FA8C2893-A572-4FF2-BE05-F8F4469331FA}"
EndProject
Global
	GlobalSection(SolutionConfigurationPlatforms) = preSolution
		Debug|Any CPU = Debug|Any CPU
		Release|Any CPU = Release|Any CPU
	EndGlobalSection
	GlobalSection(ProjectConfigurationPlatforms) = postSolution
		{FA8C2893-A572-4FF2-BE05-F8F4469331FA}.Debug|Any CPU.ActiveCfg = Debug|Any CPU
		{FA8C2893-A572-4FF2-BE05-F8F4469331FA}.Debug|Any CPU.Build.0 = Debug|Any CPU
		{FA8C2893-A572-4FF2-BE05-F8F4469331FA}.Release|Any CPU.ActiveCfg = Release|Any CPU
		{FA8C2893-A572-4FF2-BE05-F8F4469331FA}.Release|Any CPU.Build.0 = Release|Any CPU
	EndGlobalSection
	GlobalSection(SolutionProperties) = preSolution
		HideSolutionNode = FALSE
	EndGlobalSection
	GlobalSection(ExtensibilityGlobals) = postSolution
		SolutionGuid = {65EF4F0B-7E87-45DF-AEF2-AC065E98CE96}
	EndGlobalSection
EndGlobal
