
Microsoft Visual Studio Solution File, Format Version 12.00
# Visual Studio Version 17
VisualStudioVersion = 17.11.35312.102
MinimumVisualStudioVersion = 10.0.40219.1
Project("{FAE04EC0-301F-11D3-BF4B-00C04F79EFBC}") = "AnthonyUpchurchM5C", "AnthonyUpchurchM5C\AnthonyUpchurchM5C.csproj", "{A960D32E-02B6-4F6D-BDF7-D4482A6F0102}"
EndProject
Global
	GlobalSection(SolutionConfigurationPlatforms) = preSolution
		Debug|Any CPU = Debug|Any CPU
		Release|Any CPU = Release|Any CPU
	EndGlobalSection
	GlobalSection(ProjectConfigurationPlatforms) = postSolution
		{A960D32E-02B6-4F6D-BDF7-D4482A6F0102}.Debug|Any CPU.ActiveCfg = Debug|Any CPU
		{A960D32E-02B6-4F6D-BDF7-D4482A6F0102}.Debug|Any CPU.Build.0 = Debug|Any CPU
		{A960D32E-02B6-4F6D-BDF7-D4482A6F0102}.Release|Any CPU.ActiveCfg = Release|Any CPU
		{A960D32E-02B6-4F6D-BDF7-D4482A6F0102}.Release|Any CPU.Build.0 = Release|Any CPU
	EndGlobalSection
	GlobalSection(SolutionProperties) = preSolution
		HideSolutionNode = FALSE
	EndGlobalSection
	GlobalSection(ExtensibilityGlobals) = postSolution
		SolutionGuid = {22542CEE-609C-4C01-B2B1-9633412150D3}
	EndGlobalSection
EndGlobal
