
Microsoft Visual Studio Solution File, Format Version 12.00
# Visual Studio Version 17
VisualStudioVersion = 17.11.35312.102
MinimumVisualStudioVersion = 10.0.40219.1
Project("{FAE04EC0-301F-11D3-BF4B-00C04F79EFBC}") = "AnthonyUpchurch4CB", "AnthonyUpchurch4CB\AnthonyUpchurch4CB.csproj", "{5871E9A1-4726-4FEC-9F81-8BCB38618C36}"
EndProject
Global
	GlobalSection(SolutionConfigurationPlatforms) = preSolution
		Debug|Any CPU = Debug|Any CPU
		Release|Any CPU = Release|Any CPU
	EndGlobalSection
	GlobalSection(ProjectConfigurationPlatforms) = postSolution
		{5871E9A1-4726-4FEC-9F81-8BCB38618C36}.Debug|Any CPU.ActiveCfg = Debug|Any CPU
		{5871E9A1-4726-4FEC-9F81-8BCB38618C36}.Debug|Any CPU.Build.0 = Debug|Any CPU
		{5871E9A1-4726-4FEC-9F81-8BCB38618C36}.Release|Any CPU.ActiveCfg = Release|Any CPU
		{5871E9A1-4726-4FEC-9F81-8BCB38618C36}.Release|Any CPU.Build.0 = Release|Any CPU
	EndGlobalSection
	GlobalSection(SolutionProperties) = preSolution
		HideSolutionNode = FALSE
	EndGlobalSection
	GlobalSection(ExtensibilityGlobals) = postSolution
		SolutionGuid = {576EB502-2CF7-412C-A031-DE67DBC8000D}
	EndGlobalSection
EndGlobal
