
Microsoft Visual Studio Solution File, Format Version 12.00
# Visual Studio Version 17
VisualStudioVersion = 17.11.35312.102
MinimumVisualStudioVersion = 10.0.40219.1
Project("{FAE04EC0-301F-11D3-BF4B-00C04F79EFBC}") = "AnthonyUpchurchM3c", "AnthonyUpchurchM3c\AnthonyUpchurchM3c.csproj", "{BA9ECEBF-6C0A-44B3-B9F0-1E52007EBE92}"
EndProject
Global
	GlobalSection(SolutionConfigurationPlatforms) = preSolution
		Debug|Any CPU = Debug|Any CPU
		Release|Any CPU = Release|Any CPU
	EndGlobalSection
	GlobalSection(ProjectConfigurationPlatforms) = postSolution
		{BA9ECEBF-6C0A-44B3-B9F0-1E52007EBE92}.Debug|Any CPU.ActiveCfg = Debug|Any CPU
		{BA9ECEBF-6C0A-44B3-B9F0-1E52007EBE92}.Debug|Any CPU.Build.0 = Debug|Any CPU
		{BA9ECEBF-6C0A-44B3-B9F0-1E52007EBE92}.Release|Any CPU.ActiveCfg = Release|Any CPU
		{BA9ECEBF-6C0A-44B3-B9F0-1E52007EBE92}.Release|Any CPU.Build.0 = Release|Any CPU
	EndGlobalSection
	GlobalSection(SolutionProperties) = preSolution
		HideSolutionNode = FALSE
	EndGlobalSection
	GlobalSection(ExtensibilityGlobals) = postSolution
		SolutionGuid = {6AC16FC2-4FAD-4D7E-8AE1-69EF2AC99C79}
	EndGlobalSection
EndGlobal
