
Microsoft Visual Studio Solution File, Format Version 12.00
# Visual Studio Version 17
VisualStudioVersion = 17.11.35312.102
MinimumVisualStudioVersion = 10.0.40219.1
Project("{FAE04EC0-301F-11D3-BF4B-00C04F79EFBC}") = "AnthonyUpchurch5PA", "AnthonyUpchurch5PA\AnthonyUpchurch5PA.csproj", "{B37C1820-0829-4F88-B4D2-6BB683F956C8}"
EndProject
Global
	GlobalSection(SolutionConfigurationPlatforms) = preSolution
		Debug|Any CPU = Debug|Any CPU
		Release|Any CPU = Release|Any CPU
	EndGlobalSection
	GlobalSection(ProjectConfigurationPlatforms) = postSolution
		{B37C1820-0829-4F88-B4D2-6BB683F956C8}.Debug|Any CPU.ActiveCfg = Debug|Any CPU
		{B37C1820-0829-4F88-B4D2-6BB683F956C8}.Debug|Any CPU.Build.0 = Debug|Any CPU
		{B37C1820-0829-4F88-B4D2-6BB683F956C8}.Release|Any CPU.ActiveCfg = Release|Any CPU
		{B37C1820-0829-4F88-B4D2-6BB683F956C8}.Release|Any CPU.Build.0 = Release|Any CPU
	EndGlobalSection
	GlobalSection(SolutionProperties) = preSolution
		HideSolutionNode = FALSE
	EndGlobalSection
	GlobalSection(ExtensibilityGlobals) = postSolution
		SolutionGuid = {75B93A28-5F64-4D24-8FF9-18BF979885D2}
	EndGlobalSection
EndGlobal
